// !$*UTF8*$!
{
	archiveVersion = 1;
	classes = {
	};
	objectVersion = 50;
	objects = {

/* Begin PBXBuildFile section */
		2E65DB5924E87F2A0088A7E7 /* AppDelegate.swift in Sources */ = {isa = PBXBuildFile; fileRef = 2E65DB5824E87F2A0088A7E7 /* AppDelegate.swift */; };
		2E65DB5B24E87F2A0088A7E7 /* SceneDelegate.swift in Sources */ = {isa = PBXBuildFile; fileRef = 2E65DB5A24E87F2A0088A7E7 /* SceneDelegate.swift */; };
		2E65DB5D24E87F2A0088A7E7 /* ContentView.swift in Sources */ = {isa = PBXBuildFile; fileRef = 2E65DB5C24E87F2A0088A7E7 /* ContentView.swift */; };
		2E65DB5F24E87F2D0088A7E7 /* Assets.xcassets in Resources */ = {isa = PBXBuildFile; fileRef = 2E65DB5E24E87F2D0088A7E7 /* Assets.xcassets */; };
		2E65DB6224E87F2D0088A7E7 /* Preview Assets.xcassets in Resources */ = {isa = PBXBuildFile; fileRef = 2E65DB6124E87F2D0088A7E7 /* Preview Assets.xcassets */; };
		2E65DB6524E87F2D0088A7E7 /* LaunchScreen.storyboard in Resources */ = {isa = PBXBuildFile; fileRef = 2E65DB6324E87F2D0088A7E7 /* LaunchScreen.storyboard */; };
		2E65DB7024E87F2D0088A7E7 /* SwiftUITestTests.swift in Sources */ = {isa = PBXBuildFile; fileRef = 2E65DB6F24E87F2D0088A7E7 /* SwiftUITestTests.swift */; };
		2E65DB7B24E87F2D0088A7E7 /* SwiftUITestUITests.swift in Sources */ = {isa = PBXBuildFile; fileRef = 2E65DB7A24E87F2D0088A7E7 /* SwiftUITestUITests.swift */; };
/* End PBXBuildFile section */

/* Begin PBXContainerItemProxy section */
		2E65DB6C24E87F2D0088A7E7 /* PBXContainerItemProxy */ = {
			isa = PBXContainerItemProxy;
			containerPortal = 2E65DB4D24E87F2A0088A7E7 /* Project object */;
			proxyType = 1;
			remoteGlobalIDString = 2E65DB5424E87F2A0088A7E7;
			remoteInfo = SwiftUITest;
		};
		2E65DB7724E87F2D0088A7E7 /* PBXContainerItemProxy */ = {
			isa = PBXContainerItemProxy;
			containerPortal = 2E65DB4D24E87F2A0088A7E7 /* Project object */;
			proxyType = 1;
			remoteGlobalIDString = 2E65DB5424E87F2A0088A7E7;
			remoteInfo = SwiftUITest;
		};
/* End PBXContainerItemProxy section */

/* Begin PBXFileReference section */
		2E65DB5524E87F2A0088A7E7 /* SwiftUITest.app */ = {isa = PBXFileReference; explicitFileType = wrapper.application; includeInIndex = 0; path = SwiftUITest.app; sourceTree = BUILT_PRODUCTS_DIR; };
		2E65DB5824E87F2A0088A7E7 /* AppDelegate.swift */ = {isa = PBXFileReference; lastKnownFileType = sourcecode.swift; path = AppDelegate.swift; sourceTree = "<group>"; };
		2E65DB5A24E87F2A0088A7E7 /* SceneDelegate.swift */ = {isa = PBXFileReference; lastKnownFileType = sourcecode.swift; path = SceneDelegate.swift; sourceTree = "<group>"; };
		2E65DB5C24E87F2A0088A7E7 /* ContentView.swift */ = {isa = PBXFileReference; lastKnownFileType = sourcecode.swift; path = ContentView.swift; sourceTree = "<group>"; };
		2E65DB5E24E87F2D0088A7E7 /* Assets.xcassets */ = {isa = PBXFileReference; lastKnownFileType = folder.assetcatalog; path = Assets.xcassets; sourceTree = "<group>"; };
		2E65DB6124E87F2D0088A7E7 /* Preview Assets.xcassets */ = {isa = PBXFileReference; lastKnownFileType = folder.assetcatalog; path = "Preview Assets.xcassets"; sourceTree = "<group>"; };
		2E65DB6424E87F2D0088A7E7 /* Base */ = {isa = PBXFileReference; lastKnownFileType = file.storyboard; name = Base; path = Base.lproj/LaunchScreen.storyboard; sourceTree = "<group>"; };
		2E65DB6624E87F2D0088A7E7 /* Info.plist */ = {isa = PBXFileReference; lastKnownFileType = text.plist.xml; path = Info.plist; sourceTree = "<group>"; };
		2E65DB6B24E87F2D0088A7E7 /* SwiftUITestTests.xctest */ = {isa = PBXFileReference; explicitFileType = wrapper.cfbundle; includeInIndex = 0; path = SwiftUITestTests.xctest; sourceTree = BUILT_PRODUCTS_DIR; };
		2E65DB6F24E87F2D0088A7E7 /* SwiftUITestTests.swift */ = {isa = PBXFileReference; lastKnownFileType = sourcecode.swift; path = SwiftUITestTests.swift; sourceTree = "<group>"; };
		2E65DB7124E87F2D0088A7E7 /* Info.plist */ = {isa = PBXFileReference; lastKnownFileType = text.plist.xml; path = Info.plist; sourceTree = "<group>"; };
		2E65DB7624E87F2D0088A7E7 /* SwiftUITestUITests.xctest */ = {isa = PBXFileReference; explicitFileType = wrapper.cfbundle; includeInIndex = 0; path = SwiftUITestUITests.xctest; sourceTree = BUILT_PRODUCTS_DIR; };
		2E65DB7A24E87F2D0088A7E7 /* SwiftUITestUITests.swift */ = {isa = PBXFileReference; lastKnownFileType = sourcecode.swift; path = SwiftUITestUITests.swift; sourceTree = "<group>"; };
		2E65DB7C24E87F2D0088A7E7 /* Info.plist */ = {isa = PBXFileReference; lastKnownFileType = text.plist.xml; path = Info.plist; sourceTree = "<group>"; };
/* End PBXFileReference section */

/* Begin PBXFrameworksBuildPhase section */
		2E65DB5224E87F2A0088A7E7 /* Frameworks */ = {
			isa = PBXFrameworksBuildPhase;
			buildActionMask = 2147483647;
			files = (
			);
			runOnlyForDeploymentPostprocessing = 0;
		};
		2E65DB6824E87F2D0088A7E7 /* Frameworks */ = {
			isa = PBXFrameworksBuildPhase;
			buildActionMask = 2147483647;
			files = (
			);
			runOnlyForDeploymentPostprocessing = 0;
		};
		2E65DB7324E87F2D0088A7E7 /* Frameworks */ = {
			isa = PBXFrameworksBuildPhase;
			buildActionMask = 2147483647;
			files = (
			);
			runOnlyForDeploymentPostprocessing = 0;
		};
/* End PBXFrameworksBuildPhase section */

/* Begin PBXGroup section */
		2E65DB4C24E87F2A0088A7E7 = {
			isa = PBXGroup;
			children = (
				2E65DB5724E87F2A0088A7E7 /* SwiftUITest */,
				2E65DB6E24E87F2D0088A7E7 /* SwiftUITestTests */,
				2E65DB7924E87F2D0088A7E7 /* SwiftUITestUITests */,
				2E65DB5624E87F2A0088A7E7 /* Products */,
			);
			sourceTree = "<group>";
		};
		2E65DB5624E87F2A0088A7E7 /* Products */ = {
			isa = PBXGroup;
			children = (
				2E65DB5524E87F2A0088A7E7 /* SwiftUITest.app */,
				2E65DB6B24E87F2D0088A7E7 /* SwiftUITestTests.xctest */,
				2E65DB7624E87F2D0088A7E7 /* SwiftUITestUITests.xctest */,
			);
			name = Products;
			sourceTree = "<group>";
		};
		2E65DB5724E87F2A0088A7E7 /* SwiftUITest */ = {
			isa = PBXGroup;
			children = (
				2E65DB5824E87F2A0088A7E7 /* AppDelegate.swift */,
				2E65DB5A24E87F2A0088A7E7 /* SceneDelegate.swift */,
				2E65DB5C24E87F2A0088A7E7 /* ContentView.swift */,
				2E65DB5E24E87F2D0088A7E7 /* Assets.xcassets */,
				2E65DB6324E87F2D0088A7E7 /* LaunchScreen.storyboard */,
				2E65DB6624E87F2D0088A7E7 /* Info.plist */,
				2E65DB6024E87F2D0088A7E7 /* Preview Content */,
			);
			path = SwiftUITest;
			sourceTree = "<group>";
		};
		2E65DB6024E87F2D0088A7E7 /* Preview Content */ = {
			isa = PBXGroup;
			children = (
				2E65DB6124E87F2D0088A7E7 /* Preview Assets.xcassets */,
			);
			path = "Preview Content";
			sourceTree = "<group>";
		};
		2E65DB6E24E87F2D0088A7E7 /* SwiftUITestTests */ = {
			isa = PBXGroup;
			children = (
				2E65DB6F24E87F2D0088A7E7 /* SwiftUITestTests.swift */,
				2E65DB7124E87F2D0088A7E7 /* Info.plist */,
			);
			path = SwiftUITestTests;
			sourceTree = "<group>";
		};
		2E65DB7924E87F2D0088A7E7 /* SwiftUITestUITests */ = {
			isa = PBXGroup;
			children = (
				2E65DB7A24E87F2D0088A7E7 /* SwiftUITestUITests.swift */,
				2E65DB7C24E87F2D0088A7E7 /* Info.plist */,
			);
			path = SwiftUITestUITests;
			sourceTree = "<group>";
		};
/* End PBXGroup section */

/* Begin PBXNativeTarget section */
		2E65DB5424E87F2A0088A7E7 /* SwiftUITest */ = {
			isa = PBXNativeTarget;
			buildConfigurationList = 2E65DB7F24E87F2D0088A7E7 /* Build configuration list for PBXNativeTarget "SwiftUITest" */;
			buildPhases = (
				2E65DB5124E87F2A0088A7E7 /* Sources */,
				2E65DB5224E87F2A0088A7E7 /* Frameworks */,
				2E65DB5324E87F2A0088A7E7 /* Resources */,
			);
			buildRules = (
			);
			dependencies = (
			);
			name = SwiftUITest;
			productName = SwiftUITest;
			productReference = 2E65DB5524E87F2A0088A7E7 /* SwiftUITest.app */;
			productType = "com.apple.product-type.application";
		};
		2E65DB6A24E87F2D0088A7E7 /* SwiftUITestTests */ = {
			isa = PBXNativeTarget;
			buildConfigurationList = 2E65DB8224E87F2D0088A7E7 /* Build configuration list for PBXNativeTarget "SwiftUITestTests" */;
			buildPhases = (
				2E65DB6724E87F2D0088A7E7 /* Sources */,
				2E65DB6824E87F2D0088A7E7 /* Frameworks */,
				2E65DB6924E87F2D0088A7E7 /* Resources */,
			);
			buildRules = (
			);
			dependencies = (
				2E65DB6D24E87F2D0088A7E7 /* PBXTargetDependency */,
			);
			name = SwiftUITestTests;
			productName = SwiftUITestTests;
			productReference = 2E65DB6B24E87F2D0088A7E7 /* SwiftUITestTests.xctest */;
			productType = "com.apple.product-type.bundle.unit-test";
		};
		2E65DB7524E87F2D0088A7E7 /* SwiftUITestUITests */ = {
			isa = PBXNativeTarget;
			buildConfigurationList = 2E65DB8524E87F2D0088A7E7 /* Build configuration list for PBXNativeTarget "SwiftUITestUITests" */;
			buildPhases = (
				2E65DB7224E87F2D0088A7E7 /* Sources */,
				2E65DB7324E87F2D0088A7E7 /* Frameworks */,
				2E65DB7424E87F2D0088A7E7 /* Resources */,
			);
			buildRules = (
			);
			dependencies = (
				2E65DB7824E87F2D0088A7E7 /* PBXTargetDependency */,
			);
			name = SwiftUITestUITests;
			productName = SwiftUITestUITests;
			productReference = 2E65DB7624E87F2D0088A7E7 /* SwiftUITestUITests.xctest */;
			productType = "com.apple.product-type.bundle.ui-testing";
		};
/* End PBXNativeTarget section */

/* Begin PBXProject section */
		2E65DB4D24E87F2A0088A7E7 /* Project object */ = {
			isa = PBXProject;
			attributes = {
				LastSwiftUpdateCheck = 1160;
				LastUpgradeCheck = 1160;
				ORGANIZATIONNAME = "Aldon Smith";
				TargetAttributes = {
					2E65DB5424E87F2A0088A7E7 = {
						CreatedOnToolsVersion = 11.6;
					};
					2E65DB6A24E87F2D0088A7E7 = {
						CreatedOnToolsVersion = 11.6;
						TestTargetID = 2E65DB5424E87F2A0088A7E7;
					};
					2E65DB7524E87F2D0088A7E7 = {
						CreatedOnToolsVersion = 11.6;
						TestTargetID = 2E65DB5424E87F2A0088A7E7;
					};
				};
			};
			buildConfigurationList = 2E65DB5024E87F2A0088A7E7 /* Build configuration list for PBXProject "SwiftUITest" */;
			compatibilityVersion = "Xcode 9.3";
			developmentRegion = en;
			hasScannedForEncodings = 0;
			knownRegions = (
				en,
				Base,
			);
			mainGroup = 2E65DB4C24E87F2A0088A7E7;
			productRefGroup = 2E65DB5624E87F2A0088A7E7 /* Products */;
			projectDirPath = "";
			projectRoot = "";
			targets = (
				2E65DB5424E87F2A0088A7E7 /* SwiftUITest */,
				2E65DB6A24E87F2D0088A7E7 /* SwiftUITestTests */,
				2E65DB7524E87F2D0088A7E7 /* SwiftUITestUITests */,
			);
		};
/* End PBXProject section */

/* Begin PBXResourcesBuildPhase section */
		2E65DB5324E87F2A0088A7E7 /* Resources */ = {
			isa = PBXResourcesBuildPhase;
			buildActionMask = 2147483647;
			files = (
				2E65DB6524E87F2D0088A7E7 /* LaunchScreen.storyboard in Resources */,
				2E65DB6224E87F2D0088A7E7 /* Preview Assets.xcassets in Resources */,
				2E65DB5F24E87F2D0088A7E7 /* Assets.xcassets in Resources */,
			);
			runOnlyForDeploymentPostprocessing = 0;
		};
		2E65DB6924E87F2D0088A7E7 /* Resources */ = {
			isa = PBXResourcesBuildPhase;
			buildActionMask = 2147483647;
			files = (
			);
			runOnlyForDeploymentPostprocessing = 0;
		};
		2E65DB7424E87F2D0088A7E7 /* Resources */ = {
			isa = PBXResourcesBuildPhase;
			buildActionMask = 2147483647;
			files = (
			);
			runOnlyForDeploymentPostprocessing = 0;
		};
/* End PBXResourcesBuildPhase section */

/* Begin PBXSourcesBuildPhase section */
		2E65DB5124E87F2A0088A7E7 /* Sources */ = {
			isa = PBXSourcesBuildPhase;
			buildActionMask = 2147483647;
			files = (
				2E65DB5924E87F2A0088A7E7 /* AppDelegate.swift in Sources */,
				2E65DB5B24E87F2A0088A7E7 /* SceneDelegate.swift in Sources */,
				2E65DB5D24E87F2A0088A7E7 /* ContentView.swift in Sources */,
			);
			runOnlyForDeploymentPostprocessing = 0;
		};
		2E65DB6724E87F2D0088A7E7 /* Sources */ = {
			isa = PBXSourcesBuildPhase;
			buildActionMask = 2147483647;
			files = (
				2E65DB7024E87F2D0088A7E7 /* SwiftUITestTests.swift in Sources */,
			);
			runOnlyForDeploymentPostprocessing = 0;
		};
		2E65DB7224E87F2D0088A7E7 /* Sources */ = {
			isa = PBXSourcesBuildPhase;
			buildActionMask = 2147483647;
			files = (
				2E65DB7B24E87F2D0088A7E7 /* SwiftUITestUITests.swift in Sources */,
			);
			runOnlyForDeploymentPostprocessing = 0;
		};
/* End PBXSourcesBuildPhase section */

/* Begin PBXTargetDependency section */
		2E65DB6D24E87F2D0088A7E7 /* PBXTargetDependency */ = {
			isa = PBXTargetDependency;
			target = 2E65DB5424E87F2A0088A7E7 /* SwiftUITest */;
			targetProxy = 2E65DB6C24E87F2D0088A7E7 /* PBXContainerItemProxy */;
		};
		2E65DB7824E87F2D0088A7E7 /* PBXTargetDependency */ = {
			isa = PBXTargetDependency;
			target = 2E65DB5424E87F2A0088A7E7 /* SwiftUITest */;
			targetProxy = 2E65DB7724E87F2D0088A7E7 /* PBXContainerItemProxy */;
		};
/* End PBXTargetDependency section */

/* Begin PBXVariantGroup section */
		2E65DB6324E87F2D0088A7E7 /* LaunchScreen.storyboard */ = {
			isa = PBXVariantGroup;
			children = (
				2E65DB6424E87F2D0088A7E7 /* Base */,
			);
			name = LaunchScreen.storyboard;
			sourceTree = "<group>";
		};
/* End PBXVariantGroup section */

/* Begin XCBuildConfiguration section */
		2E65DB7D24E87F2D0088A7E7 /* Debug */ = {
			isa = XCBuildConfiguration;
			buildSettings = {
				ALWAYS_SEARCH_USER_PATHS = NO;
				CLANG_ANALYZER_NONNULL = YES;
				CLANG_ANALYZER_NUMBER_OBJECT_CONVERSION = YES_AGGRESSIVE;
				CLANG_CXX_LANGUAGE_STANDARD = "gnu++14";
				CLANG_CXX_LIBRARY = "libc++";
				CLANG_ENABLE_MODULES = YES;
				CLANG_ENABLE_OBJC_ARC = YES;
				CLANG_ENABLE_OBJC_WEAK = YES;
				CLANG_WARN_BLOCK_CAPTURE_AUTORELEASING = YES;
				CLANG_WARN_BOOL_CONVERSION = YES;
				CLANG_WARN_COMMA = YES;
				CLANG_WARN_CONSTANT_CONVERSION = YES;
				CLANG_WARN_DEPRECATED_OBJC_IMPLEMENTATIONS = YES;
				CLANG_WARN_DIRECT_OBJC_ISA_USAGE = YES_ERROR;
				CLANG_WARN_DOCUMENTATION_COMMENTS = YES;
				CLANG_WARN_EMPTY_BODY = YES;
				CLANG_WARN_ENUM_CONVERSION = YES;
				CLANG_WARN_INFINITE_RECURSION = YES;
				CLANG_WARN_INT_CONVERSION = YES;
				CLANG_WARN_NON_LITERAL_NULL_CONVERSION = YES;
				CLANG_WARN_OBJC_IMPLICIT_RETAIN_SELF = YES;
				CLANG_WARN_OBJC_LITERAL_CONVERSION = YES;
				CLANG_WARN_OBJC_ROOT_CLASS = YES_ERROR;
				CLANG_WARN_RANGE_LOOP_ANALYSIS = YES;
				CLANG_WARN_STRICT_PROTOTYPES = YES;
				CLANG_WARN_SUSPICIOUS_MOVE = YES;
				CLANG_WARN_UNGUARDED_AVAILABILITY = YES_AGGRESSIVE;
				CLANG_WARN_UNREACHABLE_CODE = YES;
				CLANG_WARN__DUPLICATE_METHOD_MATCH = YES;
				COPY_PHASE_STRIP = NO;
				DEBUG_INFORMATION_FORMAT = dwarf;
				ENABLE_STRICT_OBJC_MSGSEND = YES;
				ENABLE_TESTABILITY = YES;
				GCC_C_LANGUAGE_STANDARD = gnu11;
				GCC_DYNAMIC_NO_PIC = NO;
				GCC_NO_COMMON_BLOCKS = YES;
				GCC_OPTIMIZATION_LEVEL = 0;
				GCC_PREPROCESSOR_DEFINITIONS = (
					"DEBUG=1",
					"$(inherited)",
				);
				GCC_WARN_64_TO_32_BIT_CONVERSION = YES;
				GCC_WARN_ABOUT_RETURN_TYPE = YES_ERROR;
				GCC_WARN_UNDECLARED_SELECTOR = YES;
				GCC_WARN_UNINITIALIZED_AUTOS = YES_AGGRESSIVE;
				GCC_WARN_UNUSED_FUNCTION = YES;
				GCC_WARN_UNUSED_VARIABLE = YES;
				IPHONEOS_DEPLOYMENT_TARGET = 13.6;
				MTL_ENABLE_DEBUG_INFO = INCLUDE_SOURCE;
				MTL_FAST_MATH = YES;
				ONLY_ACTIVE_ARCH = YES;
				SDKROOT = iphoneos;
				SWIFT_ACTIVE_COMPILATION_CONDITIONS = DEBUG;
				SWIFT_OPTIMIZATION_LEVEL = "-Onone";
			};
			name = Debug;
		};
		2E65DB7E24E87F2D0088A7E7 /* Release */ = {
			isa = XCBuildConfiguration;
			buildSettings = {
				ALWAYS_SEARCH_USER_PATHS = NO;
				CLANG_ANALYZER_NONNULL = YES;
				CLANG_ANALYZER_NUMBER_OBJECT_CONVERSION = YES_AGGRESSIVE;
				CLANG_CXX_LANGUAGE_STANDARD = "gnu++14";
				CLANG_CXX_LIBRARY = "libc++";
				CLANG_ENABLE_MODULES = YES;
				CLANG_ENABLE_OBJC_ARC = YES;
				CLANG_ENABLE_OBJC_WEAK = YES;
				CLANG_WARN_BLOCK_CAPTURE_AUTORELEASING = YES;
				CLANG_WARN_BOOL_CONVERSION = YES;
				CLANG_WARN_COMMA = YES;
				CLANG_WARN_CONSTANT_CONVERSION = YES;
				CLANG_WARN_DEPRECATED_OBJC_IMPLEMENTATIONS = YES;
				CLANG_WARN_DIRECT_OBJC_ISA_USAGE = YES_ERROR;
				CLANG_WARN_DOCUMENTATION_COMMENTS = YES;
				CLANG_WARN_EMPTY_BODY = YES;
				CLANG_WARN_ENUM_CONVERSION = YES;
				CLANG_WARN_INFINITE_RECURSION = YES;
				CLANG_WARN_INT_CONVERSION = YES;
				CLANG_WARN_NON_LITERAL_NULL_CONVERSION = YES;
				CLANG_WARN_OBJC_IMPLICIT_RETAIN_SELF = YES;
				CLANG_WARN_OBJC_LITERAL_CONVERSION = YES;
				CLANG_WARN_OBJC_ROOT_CLASS = YES_ERROR;
				CLANG_WARN_RANGE_LOOP_ANALYSIS = YES;
				CLANG_WARN_STRICT_PROTOTYPES = YES;
				CLANG_WARN_SUSPICIOUS_MOVE = YES;
				CLANG_WARN_UNGUARDED_AVAILABILITY = YES_AGGRESSIVE;
				CLANG_WARN_UNREACHABLE_CODE = YES;
				CLANG_WARN__DUPLICATE_METHOD_MATCH = YES;
				COPY_PHASE_STRIP = NO;
				DEBUG_INFORMATION_FORMAT = "dwarf-with-dsym";
				ENABLE_NS_ASSERTIONS = NO;
				ENABLE_STRICT_OBJC_MSGSEND = YES;
				GCC_C_LANGUAGE_STANDARD = gnu11;
				GCC_NO_COMMON_BLOCKS = YES;
				GCC_WARN_64_TO_32_BIT_CONVERSION = YES;
				GCC_WARN_ABOUT_RETURN_TYPE = YES_ERROR;
				GCC_WARN_UNDECLARED_SELECTOR = YES;
				GCC_WARN_UNINITIALIZED_AUTOS = YES_AGGRESSIVE;
				GCC_WARN_UNUSED_FUNCTION = YES;
				GCC_WARN_UNUSED_VARIABLE = YES;
				IPHONEOS_DEPLOYMENT_TARGET = 13.6;
				MTL_ENABLE_DEBUG_INFO = NO;
				MTL_FAST_MATH = YES;
				SDKROOT = iphoneos;
				SWIFT_COMPILATION_MODE = wholemodule;
				SWIFT_OPTIMIZATION_LEVEL = "-O";
				VALIDATE_PRODUCT = YES;
			};
			name = Release;
		};
		2E65DB8024E87F2D0088A7E7 /* Debug */ = {
			isa = XCBuildConfiguration;
			buildSettings = {
				ASSETCATALOG_COMPILER_APPICON_NAME = AppIcon;
				CODE_SIGN_STYLE = Automatic;
				DEVELOPMENT_ASSET_PATHS = "\"SwiftUITest/Preview Content\"";
				DEVELOPMENT_TEAM = M58NR5GFKX;
				ENABLE_PREVIEWS = YES;
				INFOPLIST_FILE = SwiftUITest/Info.plist;
				LD_RUNPATH_SEARCH_PATHS = (
					"$(inherited)",
					"@executable_path/Frameworks",
				);
				PRODUCT_BUNDLE_IDENTIFIER = com.smithbrosdev.SwiftUITest;
				PRODUCT_NAME = "$(TARGET_NAME)";
				SWIFT_VERSION = 5.0;
				TARGETED_DEVICE_FAMILY = "1,2";
			};
			name = Debug;
		};
		2E65DB8124E87F2D0088A7E7 /* Release */ = {
			isa = XCBuildConfiguration;
			buildSettings = {
				ASSETCATALOG_COMPILER_APPICON_NAME = AppIcon;
				CODE_SIGN_STYLE = Automatic;
				DEVELOPMENT_ASSET_PATHS = "\"SwiftUITest/Preview Content\"";
				DEVELOPMENT_TEAM = M58NR5GFKX;
				ENABLE_PREVIEWS = YES;
				INFOPLIST_FILE = SwiftUITest/Info.plist;
				LD_RUNPATH_SEARCH_PATHS = (
					"$(inherited)",
					"@executable_path/Frameworks",
				);
				PRODUCT_BUNDLE_IDENTIFIER = com.smithbrosdev.SwiftUITest;
				PRODUCT_NAME = "$(TARGET_NAME)";
				SWIFT_VERSION = 5.0;
				TARGETED_DEVICE_FAMILY = "1,2";
			};
			name = Release;
		};
		2E65DB8324E87F2D0088A7E7 /* Debug */ = {
			isa = XCBuildConfiguration;
			buildSettings = {
				ALWAYS_EMBED_SWIFT_STANDARD_LIBRARIES = YES;
				BUNDLE_LOADER = "$(TEST_HOST)";
				CODE_SIGN_STYLE = Automatic;
				DEVELOPMENT_TEAM = M58NR5GFKX;
				INFOPLIST_FILE = SwiftUITestTests/Info.plist;
				IPHONEOS_DEPLOYMENT_TARGET = 13.6;
				LD_RUNPATH_SEARCH_PATHS = (
					"$(inherited)",
					"@executable_path/Frameworks",
					"@loader_path/Frameworks",
				);
				PRODUCT_BUNDLE_IDENTIFIER = com.smithbrosdev.SwiftUITestTests;
				PRODUCT_NAME = "$(TARGET_NAME)";
				SWIFT_VERSION = 5.0;
				TARGETED_DEVICE_FAMILY = "1,2";
				TEST_HOST = "$(BUILT_PRODUCTS_DIR)/SwiftUITest.app/SwiftUITest";
			};
			name = Debug;
		};
		2E65DB8424E87F2D0088A7E7 /* Release */ = {
			isa = XCBuildConfiguration;
			buildSettings = {
				ALWAYS_EMBED_SWIFT_STANDARD_LIBRARIES = YES;
				BUNDLE_LOADER = "$(TEST_HOST)";
				CODE_SIGN_STYLE = Automatic;
				DEVELOPMENT_TEAM = M58NR5GFKX;
				INFOPLIST_FILE = SwiftUITestTests/Info.plist;
				IPHONEOS_DEPLOYMENT_TARGET = 13.6;
				LD_RUNPATH_SEARCH_PATHS = (
					"$(inherited)",
					"@executable_path/Frameworks",
					"@loader_path/Frameworks",
				);
				PRODUCT_BUNDLE_IDENTIFIER = com.smithbrosdev.SwiftUITestTests;
				PRODUCT_NAME = "$(TARGET_NAME)";
				SWIFT_VERSION = 5.0;
				TARGETED_DEVICE_FAMILY = "1,2";
				TEST_HOST = "$(BUILT_PRODUCTS_DIR)/SwiftUITest.app/SwiftUITest";
			};
			name = Release;
		};
		2E65DB8624E87F2D0088A7E7 /* Debug */ = {
			isa = XCBuildConfiguration;
			buildSettings = {
				ALWAYS_EMBED_SWIFT_STANDARD_LIBRARIES = YES;
				CODE_SIGN_STYLE = Automatic;
				DEVELOPMENT_TEAM = M58NR5GFKX;
				INFOPLIST_FILE = SwiftUITestUITests/Info.plist;
				LD_RUNPATH_SEARCH_PATHS = (
					"$(inherited)",
					"@executable_path/Frameworks",
					"@loader_path/Frameworks",
				);
				PRODUCT_BUNDLE_IDENTIFIER = com.smithbrosdev.SwiftUITestUITests;
				PRODUCT_NAME = "$(TARGET_NAME)";
				SWIFT_VERSION = 5.0;
				TARGETED_DEVICE_FAMILY = "1,2";
				TEST_TARGET_NAME = SwiftUITest;
			};
			name = Debug;
		};
		2E65DB8724E87F2D0088A7E7 /* Release */ = {
			isa = XCBuildConfiguration;
			buildSettings = {
				ALWAYS_EMBED_SWIFT_STANDARD_LIBRARIES = YES;
				CODE_SIGN_STYLE = Automatic;
				DEVELOPMENT_TEAM = M58NR5GFKX;
				INFOPLIST_FILE = SwiftUITestUITests/Info.plist;
				LD_RUNPATH_SEARCH_PATHS = (
					"$(inherited)",
					"@executable_path/Frameworks",
					"@loader_path/Frameworks",
				);
				PRODUCT_BUNDLE_IDENTIFIER = com.smithbrosdev.SwiftUITestUITests;
				PRODUCT_NAME = "$(TARGET_NAME)";
				SWIFT_VERSION = 5.0;
				TARGETED_DEVICE_FAMILY = "1,2";
				TEST_TARGET_NAME = SwiftUITest;
			};
			name = Release;
		};
/* End XCBuildConfiguration section */

/* Begin XCConfigurationList section */
		2E65DB5024E87F2A0088A7E7 /* Build configuration list for PBXProject "SwiftUITest" */ = {
			isa = XCConfigurationList;
			buildConfigurations = (
				2E65DB7D24E87F2D0088A7E7 /* Debug */,
				2E65DB7E24E87F2D0088A7E7 /* Release */,
			);
			defaultConfigurationIsVisible = 0;
			defaultConfigurationName = Release;
		};
		2E65DB7F24E87F2D0088A7E7 /* Build configuration list for PBXNativeTarget "SwiftUITest" */ = {
			isa = XCConfigurationList;
			buildConfigurations = (
				2E65DB8024E87F2D0088A7E7 /* Debug */,
				2E65DB8124E87F2D0088A7E7 /* Release */,
			);
			defaultConfigurationIsVisible = 0;
			defaultConfigurationName = Release;
		};
		2E65DB8224E87F2D0088A7E7 /* Build configuration list for PBXNativeTarget "SwiftUITestTests" */ = {
			isa = XCConfigurationList;
			buildConfigurations = (
				2E65DB8324E87F2D0088A7E7 /* Debug */,
				2E65DB8424E87F2D0088A7E7 /* Release */,
			);
			defaultConfigurationIsVisible = 0;
			defaultConfigurationName = Release;
		};
		2E65DB8524E87F2D0088A7E7 /* Build configuration list for PBXNativeTarget "SwiftUITestUITests" */ = {
			isa = XCConfigurationList;
			buildConfigurations = (
				2E65DB8624E87F2D0088A7E7 /* Debug */,
				2E65DB8724E87F2D0088A7E7 /* Release */,
			);
			defaultConfigurationIsVisible = 0;
			defaultConfigurationName = Release;
		};
/* End XCConfigurationList section */
	};
	rootObject = 2E65DB4D24E87F2A0088A7E7 /* Project object */;
}
